
Microsoft Visual Studio Solution File, Format Version 12.00
# Visual Studio 14
VisualStudioVersion = 14.0.25420.1
MinimumVisualStudioVersion = 10.0.40219.1
Project("{FAE04EC0-301F-11D3-BF4B-00C04F79EFBC}") = "IdiomExercise2015", "IdiomExercise2015\IdiomExercise2015.csproj", "{4EB77B2B-EDE7-41F3-B7E8-1D18BED2052E}"
EndProject
Project("{FAE04EC0-301F-11D3-BF4B-00C04F79EFBC}") = "NumerosExercise", "NumerosExercise\NumerosExercise.csproj", "{A9896097-157B-452A-BB89-B7D2C5B210B6}"
EndProject
Project("{FAE04EC0-301F-11D3-BF4B-00C04F79EFBC}") = "PacmanExcercise", "PacmanExcercise\PacmanExcercise.csproj", "{E8DACE7C-1121-4BAF-A569-06BFE9BD23DD}"
EndProject
Project("{FAE04EC0-301F-11D3-BF4B-00C04F79EFBC}") = "StackExercise", "StackExercise\StackExercise.csproj", "{F22AD5C6-B047-415A-BDD9-872097DE66D2}"
EndProject
Global
	GlobalSection(SolutionConfigurationPlatforms) = preSolution
		Debug|Any CPU = Debug|Any CPU
		Release|Any CPU = Release|Any CPU
	EndGlobalSection
	GlobalSection(ProjectConfigurationPlatforms) = postSolution
		{4EB77B2B-EDE7-41F3-B7E8-1D18BED2052E}.Debug|Any CPU.ActiveCfg = Debug|Any CPU
		{4EB77B2B-EDE7-41F3-B7E8-1D18BED2052E}.Debug|Any CPU.Build.0 = Debug|Any CPU
		{4EB77B2B-EDE7-41F3-B7E8-1D18BED2052E}.Release|Any CPU.ActiveCfg = Release|Any CPU
		{4EB77B2B-EDE7-41F3-B7E8-1D18BED2052E}.Release|Any CPU.Build.0 = Release|Any CPU
		{A9896097-157B-452A-BB89-B7D2C5B210B6}.Debug|Any CPU.ActiveCfg = Debug|Any CPU
		{A9896097-157B-452A-BB89-B7D2C5B210B6}.Debug|Any CPU.Build.0 = Debug|Any CPU
		{A9896097-157B-452A-BB89-B7D2C5B210B6}.Release|Any CPU.ActiveCfg = Release|Any CPU
		{A9896097-157B-452A-BB89-B7D2C5B210B6}.Release|Any CPU.Build.0 = Release|Any CPU
		{E8DACE7C-1121-4BAF-A569-06BFE9BD23DD}.Debug|Any CPU.ActiveCfg = Debug|Any CPU
		{E8DACE7C-1121-4BAF-A569-06BFE9BD23DD}.Debug|Any CPU.Build.0 = Debug|Any CPU
		{E8DACE7C-1121-4BAF-A569-06BFE9BD23DD}.Release|Any CPU.ActiveCfg = Release|Any CPU
		{E8DACE7C-1121-4BAF-A569-06BFE9BD23DD}.Release|Any CPU.Build.0 = Release|Any CPU
		{F22AD5C6-B047-415A-BDD9-872097DE66D2}.Debug|Any CPU.ActiveCfg = Debug|Any CPU
		{F22AD5C6-B047-415A-BDD9-872097DE66D2}.Debug|Any CPU.Build.0 = Debug|Any CPU
		{F22AD5C6-B047-415A-BDD9-872097DE66D2}.Release|Any CPU.ActiveCfg = Release|Any CPU
		{F22AD5C6-B047-415A-BDD9-872097DE66D2}.Release|Any CPU.Build.0 = Release|Any CPU
	EndGlobalSection
	GlobalSection(SolutionProperties) = preSolution
		HideSolutionNode = FALSE
	EndGlobalSection
EndGlobal
